// !$*UTF8*$!
{
	archiveVersion = 1;
	classes = {
	};
	objectVersion = 46;
	objects = {

/* Begin PBXBuildFile section */
		21DCDCDC10A7B7064A92F9A4 /* libPods-Babel Fish.a in Frameworks */ = {isa = PBXBuildFile; fileRef = 9868AA9D5EBAB135FB103973 /* libPods-Babel Fish.a */; };
		8216EC489D5E129A18DD95BE /* libPods-Babel FishTests.a in Frameworks */ = {isa = PBXBuildFile; fileRef = F10E43D5879BE7B01EAEBD75 /* libPods-Babel FishTests.a */; };
		8331EA061DC52C71007183DB /* lame.framework in Frameworks */ = {isa = PBXBuildFile; fileRef = 8331EA051DC52C71007183DB /* lame.framework */; };
		9229574E1DC50FD800DA90C1 /* BFSettingsManager.m in Sources */ = {isa = PBXBuildFile; fileRef = 9229574D1DC50FD800DA90C1 /* BFSettingsManager.m */; };
		924414D61DC4DD16004CDD4F /* main.m in Sources */ = {isa = PBXBuildFile; fileRef = 924414D51DC4DD16004CDD4F /* main.m */; };
		924414D91DC4DD16004CDD4F /* BFAppDelegate.m in Sources */ = {isa = PBXBuildFile; fileRef = 924414D81DC4DD16004CDD4F /* BFAppDelegate.m */; };
		924414DC1DC4DD16004CDD4F /* BFMainViewController.m in Sources */ = {isa = PBXBuildFile; fileRef = 924414DB1DC4DD16004CDD4F /* BFMainViewController.m */; };
		924414DF1DC4DD16004CDD4F /* Main.storyboard in Resources */ = {isa = PBXBuildFile; fileRef = 924414DD1DC4DD16004CDD4F /* Main.storyboard */; };
		924414E11DC4DD16004CDD4F /* Assets.xcassets in Resources */ = {isa = PBXBuildFile; fileRef = 924414E01DC4DD16004CDD4F /* Assets.xcassets */; };
		924414E41DC4DD16004CDD4F /* LaunchScreen.storyboard in Resources */ = {isa = PBXBuildFile; fileRef = 924414E21DC4DD16004CDD4F /* LaunchScreen.storyboard */; };
		924414EF1DC4DD16004CDD4F /* Babel_FishTests.m in Sources */ = {isa = PBXBuildFile; fileRef = 924414EE1DC4DD16004CDD4F /* Babel_FishTests.m */; };
		924414FA1DC4DD16004CDD4F /* Babel_FishUITests.m in Sources */ = {isa = PBXBuildFile; fileRef = 924414F91DC4DD16004CDD4F /* Babel_FishUITests.m */; };
		928822C01DC501A00095FEB4 /* BFSettingsViewController.m in Sources */ = {isa = PBXBuildFile; fileRef = 928822BF1DC501A00095FEB4 /* BFSettingsViewController.m */; };
		BCD8F7F620066797A16DDDE4 /* libPods-Babel FishUITests.a in Frameworks */ = {isa = PBXBuildFile; fileRef = 47BBD35C589019BAC9F250BF /* libPods-Babel FishUITests.a */; };
/* End PBXBuildFile section */

/* Begin PBXContainerItemProxy section */
		924414EB1DC4DD16004CDD4F /* PBXContainerItemProxy */ = {
			isa = PBXContainerItemProxy;
			containerPortal = 924414C91DC4DD16004CDD4F /* Project object */;
			proxyType = 1;
			remoteGlobalIDString = 924414D01DC4DD16004CDD4F;
			remoteInfo = "Babel Fish";
		};
		924414F61DC4DD16004CDD4F /* PBXContainerItemProxy */ = {
			isa = PBXContainerItemProxy;
			containerPortal = 924414C91DC4DD16004CDD4F /* Project object */;
			proxyType = 1;
			remoteGlobalIDString = 924414D01DC4DD16004CDD4F;
			remoteInfo = "Babel Fish";
		};
/* End PBXContainerItemProxy section */

/* Begin PBXFileReference section */
		09B99509F0BBCA65AED72099 /* Pods-Babel FishTests.debug.xcconfig */ = {isa = PBXFileReference; includeInIndex = 1; lastKnownFileType = text.xcconfig; name = "Pods-Babel FishTests.debug.xcconfig"; path = "Pods/Target Support Files/Pods-Babel FishTests/Pods-Babel FishTests.debug.xcconfig"; sourceTree = "<group>"; };
		47BBD35C589019BAC9F250BF /* libPods-Babel FishUITests.a */ = {isa = PBXFileReference; explicitFileType = archive.ar; includeInIndex = 0; path = "libPods-Babel FishUITests.a"; sourceTree = BUILT_PRODUCTS_DIR; };
		4F216E601482CB5032D79A0B /* Pods-Babel FishTests.release.xcconfig */ = {isa = PBXFileReference; includeInIndex = 1; lastKnownFileType = text.xcconfig; name = "Pods-Babel FishTests.release.xcconfig"; path = "Pods/Target Support Files/Pods-Babel FishTests/Pods-Babel FishTests.release.xcconfig"; sourceTree = "<group>"; };
		8331EA051DC52C71007183DB /* lame.framework */ = {isa = PBXFileReference; lastKnownFileType = wrapper.framework; name = lame.framework; path = "mp3lame-for-iOS/lame.framework"; sourceTree = "<group>"; };
		9229574C1DC50FD800DA90C1 /* BFSettingsManager.h */ = {isa = PBXFileReference; fileEncoding = 4; lastKnownFileType = sourcecode.c.h; path = BFSettingsManager.h; sourceTree = "<group>"; };
		9229574D1DC50FD800DA90C1 /* BFSettingsManager.m */ = {isa = PBXFileReference; fileEncoding = 4; lastKnownFileType = sourcecode.c.objc; path = BFSettingsManager.m; sourceTree = "<group>"; };
		924414D11DC4DD16004CDD4F /* Babel Fish.app */ = {isa = PBXFileReference; explicitFileType = wrapper.application; includeInIndex = 0; path = "Babel Fish.app"; sourceTree = BUILT_PRODUCTS_DIR; };
		924414D51DC4DD16004CDD4F /* main.m */ = {isa = PBXFileReference; lastKnownFileType = sourcecode.c.objc; path = main.m; sourceTree = "<group>"; };
		924414D71DC4DD16004CDD4F /* BFAppDelegate.h */ = {isa = PBXFileReference; lastKnownFileType = sourcecode.c.h; path = BFAppDelegate.h; sourceTree = "<group>"; };
		924414D81DC4DD16004CDD4F /* BFAppDelegate.m */ = {isa = PBXFileReference; lastKnownFileType = sourcecode.c.objc; path = BFAppDelegate.m; sourceTree = "<group>"; };
		924414DA1DC4DD16004CDD4F /* BFMainViewController.h */ = {isa = PBXFileReference; lastKnownFileType = sourcecode.c.h; path = BFMainViewController.h; sourceTree = "<group>"; };
		924414DB1DC4DD16004CDD4F /* BFMainViewController.m */ = {isa = PBXFileReference; lastKnownFileType = sourcecode.c.objc; path = BFMainViewController.m; sourceTree = "<group>"; };
		924414DE1DC4DD16004CDD4F /* Base */ = {isa = PBXFileReference; lastKnownFileType = file.storyboard; name = Base; path = Base.lproj/Main.storyboard; sourceTree = "<group>"; };
		924414E01DC4DD16004CDD4F /* Assets.xcassets */ = {isa = PBXFileReference; lastKnownFileType = folder.assetcatalog; path = Assets.xcassets; sourceTree = "<group>"; };
		924414E31DC4DD16004CDD4F /* Base */ = {isa = PBXFileReference; lastKnownFileType = file.storyboard; name = Base; path = Base.lproj/LaunchScreen.storyboard; sourceTree = "<group>"; };
		924414E51DC4DD16004CDD4F /* Info.plist */ = {isa = PBXFileReference; lastKnownFileType = text.plist.xml; path = Info.plist; sourceTree = "<group>"; };
		924414EA1DC4DD16004CDD4F /* Babel FishTests.xctest */ = {isa = PBXFileReference; explicitFileType = wrapper.cfbundle; includeInIndex = 0; path = "Babel FishTests.xctest"; sourceTree = BUILT_PRODUCTS_DIR; };
		924414EE1DC4DD16004CDD4F /* Babel_FishTests.m */ = {isa = PBXFileReference; lastKnownFileType = sourcecode.c.objc; path = Babel_FishTests.m; sourceTree = "<group>"; };
		924414F01DC4DD16004CDD4F /* Info.plist */ = {isa = PBXFileReference; lastKnownFileType = text.plist.xml; path = Info.plist; sourceTree = "<group>"; };
		924414F51DC4DD16004CDD4F /* Babel FishUITests.xctest */ = {isa = PBXFileReference; explicitFileType = wrapper.cfbundle; includeInIndex = 0; path = "Babel FishUITests.xctest"; sourceTree = BUILT_PRODUCTS_DIR; };
		924414F91DC4DD16004CDD4F /* Babel_FishUITests.m */ = {isa = PBXFileReference; lastKnownFileType = sourcecode.c.objc; path = Babel_FishUITests.m; sourceTree = "<group>"; };
		924414FB1DC4DD16004CDD4F /* Info.plist */ = {isa = PBXFileReference; lastKnownFileType = text.plist.xml; path = Info.plist; sourceTree = "<group>"; };
		928822B51DC4E4170095FEB4 /* BFConstants.h */ = {isa = PBXFileReference; lastKnownFileType = sourcecode.c.h; path = BFConstants.h; sourceTree = "<group>"; };
		928822BE1DC501A00095FEB4 /* BFSettingsViewController.h */ = {isa = PBXFileReference; fileEncoding = 4; lastKnownFileType = sourcecode.c.h; path = BFSettingsViewController.h; sourceTree = "<group>"; };
		928822BF1DC501A00095FEB4 /* BFSettingsViewController.m */ = {isa = PBXFileReference; fileEncoding = 4; lastKnownFileType = sourcecode.c.objc; path = BFSettingsViewController.m; sourceTree = "<group>"; };
		9868AA9D5EBAB135FB103973 /* libPods-Babel Fish.a */ = {isa = PBXFileReference; explicitFileType = archive.ar; includeInIndex = 0; path = "libPods-Babel Fish.a"; sourceTree = BUILT_PRODUCTS_DIR; };
		B26A9A2A42F756C4E1D2915B /* Pods-Babel Fish.debug.xcconfig */ = {isa = PBXFileReference; includeInIndex = 1; lastKnownFileType = text.xcconfig; name = "Pods-Babel Fish.debug.xcconfig"; path = "Pods/Target Support Files/Pods-Babel Fish/Pods-Babel Fish.debug.xcconfig"; sourceTree = "<group>"; };
		BBFB39BD460EC1625EF05F5E /* Pods-Babel Fish.release.xcconfig */ = {isa = PBXFileReference; includeInIndex = 1; lastKnownFileType = text.xcconfig; name = "Pods-Babel Fish.release.xcconfig"; path = "Pods/Target Support Files/Pods-Babel Fish/Pods-Babel Fish.release.xcconfig"; sourceTree = "<group>"; };
		BEACC1F56E7C8B769B16316D /* Pods-Babel FishUITests.debug.xcconfig */ = {isa = PBXFileReference; includeInIndex = 1; lastKnownFileType = text.xcconfig; name = "Pods-Babel FishUITests.debug.xcconfig"; path = "Pods/Target Support Files/Pods-Babel FishUITests/Pods-Babel FishUITests.debug.xcconfig"; sourceTree = "<group>"; };
		F10E43D5879BE7B01EAEBD75 /* libPods-Babel FishTests.a */ = {isa = PBXFileReference; explicitFileType = archive.ar; includeInIndex = 0; path = "libPods-Babel FishTests.a"; sourceTree = BUILT_PRODUCTS_DIR; };
		F21609E32B8B581CFF084D7B /* Pods-Babel FishUITests.release.xcconfig */ = {isa = PBXFileReference; includeInIndex = 1; lastKnownFileType = text.xcconfig; name = "Pods-Babel FishUITests.release.xcconfig"; path = "Pods/Target Support Files/Pods-Babel FishUITests/Pods-Babel FishUITests.release.xcconfig"; sourceTree = "<group>"; };
/* End PBXFileReference section */

/* Begin PBXFrameworksBuildPhase section */
		924414CE1DC4DD16004CDD4F /* Frameworks */ = {
			isa = PBXFrameworksBuildPhase;
			buildActionMask = 2147483647;
			files = (
				8331EA061DC52C71007183DB /* lame.framework in Frameworks */,
				21DCDCDC10A7B7064A92F9A4 /* libPods-Babel Fish.a in Frameworks */,
			);
			runOnlyForDeploymentPostprocessing = 0;
		};
		924414E71DC4DD16004CDD4F /* Frameworks */ = {
			isa = PBXFrameworksBuildPhase;
			buildActionMask = 2147483647;
			files = (
				8216EC489D5E129A18DD95BE /* libPods-Babel FishTests.a in Frameworks */,
			);
			runOnlyForDeploymentPostprocessing = 0;
		};
		924414F21DC4DD16004CDD4F /* Frameworks */ = {
			isa = PBXFrameworksBuildPhase;
			buildActionMask = 2147483647;
			files = (
				BCD8F7F620066797A16DDDE4 /* libPods-Babel FishUITests.a in Frameworks */,
			);
			runOnlyForDeploymentPostprocessing = 0;
		};
/* End PBXFrameworksBuildPhase section */

/* Begin PBXGroup section */
		6A55B5DAC0376FAADF5FCE9C /* Frameworks */ = {
			isa = PBXGroup;
			children = (
				8331EA051DC52C71007183DB /* lame.framework */,
				9868AA9D5EBAB135FB103973 /* libPods-Babel Fish.a */,
				F10E43D5879BE7B01EAEBD75 /* libPods-Babel FishTests.a */,
				47BBD35C589019BAC9F250BF /* libPods-Babel FishUITests.a */,
			);
			name = Frameworks;
			sourceTree = "<group>";
		};
		9229574B1DC50FC100DA90C1 /* Model */ = {
			isa = PBXGroup;
			children = (
				9229574C1DC50FD800DA90C1 /* BFSettingsManager.h */,
				9229574D1DC50FD800DA90C1 /* BFSettingsManager.m */,
			);
			name = Model;
			sourceTree = "<group>";
		};
		924414C81DC4DD16004CDD4F = {
			isa = PBXGroup;
			children = (
				924414D31DC4DD16004CDD4F /* Babel Fish */,
				924414ED1DC4DD16004CDD4F /* Babel FishTests */,
				924414F81DC4DD16004CDD4F /* Babel FishUITests */,
				924414D21DC4DD16004CDD4F /* Products */,
				A5FC6494216AF6C428BA197E /* Pods */,
				6A55B5DAC0376FAADF5FCE9C /* Frameworks */,
			);
			sourceTree = "<group>";
		};
		924414D21DC4DD16004CDD4F /* Products */ = {
			isa = PBXGroup;
			children = (
				924414D11DC4DD16004CDD4F /* Babel Fish.app */,
				924414EA1DC4DD16004CDD4F /* Babel FishTests.xctest */,
				924414F51DC4DD16004CDD4F /* Babel FishUITests.xctest */,
			);
			name = Products;
			sourceTree = "<group>";
		};
		924414D31DC4DD16004CDD4F /* Babel Fish */ = {
			isa = PBXGroup;
			children = (
				928822B51DC4E4170095FEB4 /* BFConstants.h */,
				924414D71DC4DD16004CDD4F /* BFAppDelegate.h */,
				924414D81DC4DD16004CDD4F /* BFAppDelegate.m */,
				9229574B1DC50FC100DA90C1 /* Model */,
				924415071DC4E11C004CDD4F /* View */,
				924414E21DC4DD16004CDD4F /* LaunchScreen.storyboard */,
				924414E51DC4DD16004CDD4F /* Info.plist */,
				924414E01DC4DD16004CDD4F /* Assets.xcassets */,
				924414D41DC4DD16004CDD4F /* Supporting Files */,
			);
			path = "Babel Fish";
			sourceTree = "<group>";
		};
		924414D41DC4DD16004CDD4F /* Supporting Files */ = {
			isa = PBXGroup;
			children = (
				924414D51DC4DD16004CDD4F /* main.m */,
			);
			name = "Supporting Files";
			sourceTree = "<group>";
		};
		924414ED1DC4DD16004CDD4F /* Babel FishTests */ = {
			isa = PBXGroup;
			children = (
				924414EE1DC4DD16004CDD4F /* Babel_FishTests.m */,
				924414F01DC4DD16004CDD4F /* Info.plist */,
			);
			path = "Babel FishTests";
			sourceTree = "<group>";
		};
		924414F81DC4DD16004CDD4F /* Babel FishUITests */ = {
			isa = PBXGroup;
			children = (
				924414F91DC4DD16004CDD4F /* Babel_FishUITests.m */,
				924414FB1DC4DD16004CDD4F /* Info.plist */,
			);
			path = "Babel FishUITests";
			sourceTree = "<group>";
		};
		924415071DC4E11C004CDD4F /* View */ = {
			isa = PBXGroup;
			children = (
				928822BD1DC501910095FEB4 /* Settings */,
				928822BC1DC5018A0095FEB4 /* Main */,
				924414DD1DC4DD16004CDD4F /* Main.storyboard */,
			);
			name = View;
			sourceTree = "<group>";
		};
		928822BC1DC5018A0095FEB4 /* Main */ = {
			isa = PBXGroup;
			children = (
				924414DA1DC4DD16004CDD4F /* BFMainViewController.h */,
				924414DB1DC4DD16004CDD4F /* BFMainViewController.m */,
			);
			name = Main;
			sourceTree = "<group>";
		};
		928822BD1DC501910095FEB4 /* Settings */ = {
			isa = PBXGroup;
			children = (
				928822BE1DC501A00095FEB4 /* BFSettingsViewController.h */,
				928822BF1DC501A00095FEB4 /* BFSettingsViewController.m */,
			);
			name = Settings;
			sourceTree = "<group>";
		};
		A5FC6494216AF6C428BA197E /* Pods */ = {
			isa = PBXGroup;
			children = (
				B26A9A2A42F756C4E1D2915B /* Pods-Babel Fish.debug.xcconfig */,
				BBFB39BD460EC1625EF05F5E /* Pods-Babel Fish.release.xcconfig */,
				09B99509F0BBCA65AED72099 /* Pods-Babel FishTests.debug.xcconfig */,
				4F216E601482CB5032D79A0B /* Pods-Babel FishTests.release.xcconfig */,
				BEACC1F56E7C8B769B16316D /* Pods-Babel FishUITests.debug.xcconfig */,
				F21609E32B8B581CFF084D7B /* Pods-Babel FishUITests.release.xcconfig */,
			);
			name = Pods;
			sourceTree = "<group>";
		};
/* End PBXGroup section */

/* Begin PBXNativeTarget section */
		924414D01DC4DD16004CDD4F /* Babel Fish */ = {
			isa = PBXNativeTarget;
			buildConfigurationList = 924414FE1DC4DD16004CDD4F /* Build configuration list for PBXNativeTarget "Babel Fish" */;
			buildPhases = (
				646032BC5BE2F0C29FA83713 /* [CP] Check Pods Manifest.lock */,
				924414CD1DC4DD16004CDD4F /* Sources */,
				924414CE1DC4DD16004CDD4F /* Frameworks */,
				924414CF1DC4DD16004CDD4F /* Resources */,
				B9818C83649009348E55E8E0 /* [CP] Embed Pods Frameworks */,
				63F85AB80E65B88A7AFE7262 /* [CP] Copy Pods Resources */,
			);
			buildRules = (
			);
			dependencies = (
			);
			name = "Babel Fish";
			productName = "Babel Fish";
			productReference = 924414D11DC4DD16004CDD4F /* Babel Fish.app */;
			productType = "com.apple.product-type.application";
		};
		924414E91DC4DD16004CDD4F /* Babel FishTests */ = {
			isa = PBXNativeTarget;
			buildConfigurationList = 924415011DC4DD16004CDD4F /* Build configuration list for PBXNativeTarget "Babel FishTests" */;
			buildPhases = (
				FCB81B59ABCA0249036A0836 /* [CP] Check Pods Manifest.lock */,
				924414E61DC4DD16004CDD4F /* Sources */,
				924414E71DC4DD16004CDD4F /* Frameworks */,
				924414E81DC4DD16004CDD4F /* Resources */,
				FF97D9F6EECF2F7116F206D9 /* [CP] Embed Pods Frameworks */,
				0AEC710A9D78F7E453B8617F /* [CP] Copy Pods Resources */,
			);
			buildRules = (
			);
			dependencies = (
				924414EC1DC4DD16004CDD4F /* PBXTargetDependency */,
			);
			name = "Babel FishTests";
			productName = "Babel FishTests";
			productReference = 924414EA1DC4DD16004CDD4F /* Babel FishTests.xctest */;
			productType = "com.apple.product-type.bundle.unit-test";
		};
		924414F41DC4DD16004CDD4F /* Babel FishUITests */ = {
			isa = PBXNativeTarget;
			buildConfigurationList = 924415041DC4DD16004CDD4F /* Build configuration list for PBXNativeTarget "Babel FishUITests" */;
			buildPhases = (
				9EB8CFB0916032C3822DA24B /* [CP] Check Pods Manifest.lock */,
				924414F11DC4DD16004CDD4F /* Sources */,
				924414F21DC4DD16004CDD4F /* Frameworks */,
				924414F31DC4DD16004CDD4F /* Resources */,
				DF4CB149D707E47F7749BD13 /* [CP] Copy Pods Resources */,
				43D8C70F4E80CE7718DFB3FD /* [CP] Embed Pods Frameworks */,
			);
			buildRules = (
			);
			dependencies = (
				924414F71DC4DD16004CDD4F /* PBXTargetDependency */,
			);
			name = "Babel FishUITests";
			productName = "Babel FishUITests";
			productReference = 924414F51DC4DD16004CDD4F /* Babel FishUITests.xctest */;
			productType = "com.apple.product-type.bundle.ui-testing";
		};
/* End PBXNativeTarget section */

/* Begin PBXProject section */
		924414C91DC4DD16004CDD4F /* Project object */ = {
			isa = PBXProject;
			attributes = {
				CLASSPREFIX = BF;
				LastUpgradeCheck = 0810;
				ORGANIZATIONNAME = "Isobar Hackathon";
				TargetAttributes = {
					924414D01DC4DD16004CDD4F = {
						CreatedOnToolsVersion = 8.1;
						ProvisioningStyle = Automatic;
					};
					924414E91DC4DD16004CDD4F = {
						CreatedOnToolsVersion = 8.1;
						ProvisioningStyle = Automatic;
						TestTargetID = 924414D01DC4DD16004CDD4F;
					};
					924414F41DC4DD16004CDD4F = {
						CreatedOnToolsVersion = 8.1;
						ProvisioningStyle = Automatic;
						TestTargetID = 924414D01DC4DD16004CDD4F;
					};
				};
			};
			buildConfigurationList = 924414CC1DC4DD16004CDD4F /* Build configuration list for PBXProject "Babel Fish" */;
			compatibilityVersion = "Xcode 3.2";
			developmentRegion = English;
			hasScannedForEncodings = 0;
			knownRegions = (
				en,
				Base,
			);
			mainGroup = 924414C81DC4DD16004CDD4F;
			productRefGroup = 924414D21DC4DD16004CDD4F /* Products */;
			projectDirPath = "";
			projectRoot = "";
			targets = (
				924414D01DC4DD16004CDD4F /* Babel Fish */,
				924414E91DC4DD16004CDD4F /* Babel FishTests */,
				924414F41DC4DD16004CDD4F /* Babel FishUITests */,
			);
		};
/* End PBXProject section */

/* Begin PBXResourcesBuildPhase section */
		924414CF1DC4DD16004CDD4F /* Resources */ = {
			isa = PBXResourcesBuildPhase;
			buildActionMask = 2147483647;
			files = (
				924414E41DC4DD16004CDD4F /* LaunchScreen.storyboard in Resources */,
				924414E11DC4DD16004CDD4F /* Assets.xcassets in Resources */,
				924414DF1DC4DD16004CDD4F /* Main.storyboard in Resources */,
			);
			runOnlyForDeploymentPostprocessing = 0;
		};
		924414E81DC4DD16004CDD4F /* Resources */ = {
			isa = PBXResourcesBuildPhase;
			buildActionMask = 2147483647;
			files = (
			);
			runOnlyForDeploymentPostprocessing = 0;
		};
		924414F31DC4DD16004CDD4F /* Resources */ = {
			isa = PBXResourcesBuildPhase;
			buildActionMask = 2147483647;
			files = (
			);
			runOnlyForDeploymentPostprocessing = 0;
		};
/* End PBXResourcesBuildPhase section */

/* Begin PBXShellScriptBuildPhase section */
		0AEC710A9D78F7E453B8617F /* [CP] Copy Pods Resources */ = {
			isa = PBXShellScriptBuildPhase;
			buildActionMask = 2147483647;
			files = (
			);
			inputPaths = (
			);
			name = "[CP] Copy Pods Resources";
			outputPaths = (
			);
			runOnlyForDeploymentPostprocessing = 0;
			shellPath = /bin/sh;
			shellScript = "\"${SRCROOT}/Pods/Target Support Files/Pods-Babel FishTests/Pods-Babel FishTests-resources.sh\"\n";
			showEnvVarsInLog = 0;
		};
		43D8C70F4E80CE7718DFB3FD /* [CP] Embed Pods Frameworks */ = {
			isa = PBXShellScriptBuildPhase;
			buildActionMask = 2147483647;
			files = (
			);
			inputPaths = (
			);
			name = "[CP] Embed Pods Frameworks";
			outputPaths = (
			);
			runOnlyForDeploymentPostprocessing = 0;
			shellPath = /bin/sh;
			shellScript = "\"${SRCROOT}/Pods/Target Support Files/Pods-Babel FishUITests/Pods-Babel FishUITests-frameworks.sh\"\n";
			showEnvVarsInLog = 0;
		};
		63F85AB80E65B88A7AFE7262 /* [CP] Copy Pods Resources */ = {
			isa = PBXShellScriptBuildPhase;
			buildActionMask = 2147483647;
			files = (
			);
			inputPaths = (
			);
			name = "[CP] Copy Pods Resources";
			outputPaths = (
			);
			runOnlyForDeploymentPostprocessing = 0;
			shellPath = /bin/sh;
			shellScript = "\"${SRCROOT}/Pods/Target Support Files/Pods-Babel Fish/Pods-Babel Fish-resources.sh\"\n";
			showEnvVarsInLog = 0;
		};
		646032BC5BE2F0C29FA83713 /* [CP] Check Pods Manifest.lock */ = {
			isa = PBXShellScriptBuildPhase;
			buildActionMask = 2147483647;
			files = (
			);
			inputPaths = (
			);
			name = "[CP] Check Pods Manifest.lock";
			outputPaths = (
			);
			runOnlyForDeploymentPostprocessing = 0;
			shellPath = /bin/sh;
			shellScript = "diff \"${PODS_ROOT}/../Podfile.lock\" \"${PODS_ROOT}/Manifest.lock\" > /dev/null\nif [ $? != 0 ] ; then\n    # print error to STDERR\n    echo \"error: The sandbox is not in sync with the Podfile.lock. Run 'pod install' or update your CocoaPods installation.\" >&2\n    exit 1\nfi\n";
			showEnvVarsInLog = 0;
		};
		9EB8CFB0916032C3822DA24B /* [CP] Check Pods Manifest.lock */ = {
			isa = PBXShellScriptBuildPhase;
			buildActionMask = 2147483647;
			files = (
			);
			inputPaths = (
			);
			name = "[CP] Check Pods Manifest.lock";
			outputPaths = (
			);
			runOnlyForDeploymentPostprocessing = 0;
			shellPath = /bin/sh;
			shellScript = "diff \"${PODS_ROOT}/../Podfile.lock\" \"${PODS_ROOT}/Manifest.lock\" > /dev/null\nif [ $? != 0 ] ; then\n    # print error to STDERR\n    echo \"error: The sandbox is not in sync with the Podfile.lock. Run 'pod install' or update your CocoaPods installation.\" >&2\n    exit 1\nfi\n";
			showEnvVarsInLog = 0;
		};
		B9818C83649009348E55E8E0 /* [CP] Embed Pods Frameworks */ = {
			isa = PBXShellScriptBuildPhase;
			buildActionMask = 2147483647;
			files = (
			);
			inputPaths = (
			);
			name = "[CP] Embed Pods Frameworks";
			outputPaths = (
			);
			runOnlyForDeploymentPostprocessing = 0;
			shellPath = /bin/sh;
			shellScript = "\"${SRCROOT}/Pods/Target Support Files/Pods-Babel Fish/Pods-Babel Fish-frameworks.sh\"\n";
			showEnvVarsInLog = 0;
		};
		DF4CB149D707E47F7749BD13 /* [CP] Copy Pods Resources */ = {
			isa = PBXShellScriptBuildPhase;
			buildActionMask = 2147483647;
			files = (
			);
			inputPaths = (
			);
			name = "[CP] Copy Pods Resources";
			outputPaths = (
			);
			runOnlyForDeploymentPostprocessing = 0;
			shellPath = /bin/sh;
			shellScript = "\"${SRCROOT}/Pods/Target Support Files/Pods-Babel FishUITests/Pods-Babel FishUITests-resources.sh\"\n";
			showEnvVarsInLog = 0;
		};
		FCB81B59ABCA0249036A0836 /* [CP] Check Pods Manifest.lock */ = {
			isa = PBXShellScriptBuildPhase;
			buildActionMask = 2147483647;
			files = (
			);
			inputPaths = (
			);
			name = "[CP] Check Pods Manifest.lock";
			outputPaths = (
			);
			runOnlyForDeploymentPostprocessing = 0;
			shellPath = /bin/sh;
			shellScript = "diff \"${PODS_ROOT}/../Podfile.lock\" \"${PODS_ROOT}/Manifest.lock\" > /dev/null\nif [ $? != 0 ] ; then\n    # print error to STDERR\n    echo \"error: The sandbox is not in sync with the Podfile.lock. Run 'pod install' or update your CocoaPods installation.\" >&2\n    exit 1\nfi\n";
			showEnvVarsInLog = 0;
		};
		FF97D9F6EECF2F7116F206D9 /* [CP] Embed Pods Frameworks */ = {
			isa = PBXShellScriptBuildPhase;
			buildActionMask = 2147483647;
			files = (
			);
			inputPaths = (
			);
			name = "[CP] Embed Pods Frameworks";
			outputPaths = (
			);
			runOnlyForDeploymentPostprocessing = 0;
			shellPath = /bin/sh;
			shellScript = "\"${SRCROOT}/Pods/Target Support Files/Pods-Babel FishTests/Pods-Babel FishTests-frameworks.sh\"\n";
			showEnvVarsInLog = 0;
		};
/* End PBXShellScriptBuildPhase section */

/* Begin PBXSourcesBuildPhase section */
		924414CD1DC4DD16004CDD4F /* Sources */ = {
			isa = PBXSourcesBuildPhase;
			buildActionMask = 2147483647;
			files = (
				924414DC1DC4DD16004CDD4F /* BFMainViewController.m in Sources */,
				928822C01DC501A00095FEB4 /* BFSettingsViewController.m in Sources */,
				924414D91DC4DD16004CDD4F /* BFAppDelegate.m in Sources */,
				924414D61DC4DD16004CDD4F /* main.m in Sources */,
				9229574E1DC50FD800DA90C1 /* BFSettingsManager.m in Sources */,
			);
			runOnlyForDeploymentPostprocessing = 0;
		};
		924414E61DC4DD16004CDD4F /* Sources */ = {
			isa = PBXSourcesBuildPhase;
			buildActionMask = 2147483647;
			files = (
				924414EF1DC4DD16004CDD4F /* Babel_FishTests.m in Sources */,
			);
			runOnlyForDeploymentPostprocessing = 0;
		};
		924414F11DC4DD16004CDD4F /* Sources */ = {
			isa = PBXSourcesBuildPhase;
			buildActionMask = 2147483647;
			files = (
				924414FA1DC4DD16004CDD4F /* Babel_FishUITests.m in Sources */,
			);
			runOnlyForDeploymentPostprocessing = 0;
		};
/* End PBXSourcesBuildPhase section */

/* Begin PBXTargetDependency section */
		924414EC1DC4DD16004CDD4F /* PBXTargetDependency */ = {
			isa = PBXTargetDependency;
			target = 924414D01DC4DD16004CDD4F /* Babel Fish */;
			targetProxy = 924414EB1DC4DD16004CDD4F /* PBXContainerItemProxy */;
		};
		924414F71DC4DD16004CDD4F /* PBXTargetDependency */ = {
			isa = PBXTargetDependency;
			target = 924414D01DC4DD16004CDD4F /* Babel Fish */;
			targetProxy = 924414F61DC4DD16004CDD4F /* PBXContainerItemProxy */;
		};
/* End PBXTargetDependency section */

/* Begin PBXVariantGroup section */
		924414DD1DC4DD16004CDD4F /* Main.storyboard */ = {
			isa = PBXVariantGroup;
			children = (
				924414DE1DC4DD16004CDD4F /* Base */,
			);
			name = Main.storyboard;
			sourceTree = "<group>";
		};
		924414E21DC4DD16004CDD4F /* LaunchScreen.storyboard */ = {
			isa = PBXVariantGroup;
			children = (
				924414E31DC4DD16004CDD4F /* Base */,
			);
			name = LaunchScreen.storyboard;
			sourceTree = "<group>";
		};
/* End PBXVariantGroup section */

/* Begin XCBuildConfiguration section */
		924414FC1DC4DD16004CDD4F /* Debug */ = {
			isa = XCBuildConfiguration;
			buildSettings = {
				ALWAYS_SEARCH_USER_PATHS = NO;
				CLANG_ANALYZER_NONNULL = YES;
				CLANG_CXX_LANGUAGE_STANDARD = "gnu++0x";
				CLANG_CXX_LIBRARY = "libc++";
				CLANG_ENABLE_MODULES = YES;
				CLANG_ENABLE_OBJC_ARC = YES;
				CLANG_WARN_BOOL_CONVERSION = YES;
				CLANG_WARN_CONSTANT_CONVERSION = YES;
				CLANG_WARN_DIRECT_OBJC_ISA_USAGE = YES_ERROR;
				CLANG_WARN_DOCUMENTATION_COMMENTS = YES;
				CLANG_WARN_EMPTY_BODY = YES;
				CLANG_WARN_ENUM_CONVERSION = YES;
				CLANG_WARN_INFINITE_RECURSION = YES;
				CLANG_WARN_INT_CONVERSION = YES;
				CLANG_WARN_OBJC_ROOT_CLASS = YES_ERROR;
				CLANG_WARN_SUSPICIOUS_MOVES = YES;
				CLANG_WARN_UNREACHABLE_CODE = YES;
				CLANG_WARN__DUPLICATE_METHOD_MATCH = YES;
				"CODE_SIGN_IDENTITY[sdk=iphoneos*]" = "iPhone Developer";
				COPY_PHASE_STRIP = NO;
				DEBUG_INFORMATION_FORMAT = dwarf;
				ENABLE_STRICT_OBJC_MSGSEND = YES;
				ENABLE_TESTABILITY = YES;
				GCC_C_LANGUAGE_STANDARD = gnu99;
				GCC_DYNAMIC_NO_PIC = NO;
				GCC_NO_COMMON_BLOCKS = YES;
				GCC_OPTIMIZATION_LEVEL = 0;
				GCC_PREPROCESSOR_DEFINITIONS = (
					"DEBUG=1",
					"$(inherited)",
				);
				GCC_WARN_64_TO_32_BIT_CONVERSION = YES;
				GCC_WARN_ABOUT_RETURN_TYPE = YES_ERROR;
				GCC_WARN_UNDECLARED_SELECTOR = YES;
				GCC_WARN_UNINITIALIZED_AUTOS = YES_AGGRESSIVE;
				GCC_WARN_UNUSED_FUNCTION = YES;
				GCC_WARN_UNUSED_VARIABLE = YES;
				IPHONEOS_DEPLOYMENT_TARGET = 10.0;
				MTL_ENABLE_DEBUG_INFO = YES;
				ONLY_ACTIVE_ARCH = YES;
				SDKROOT = iphoneos;
			};
			name = Debug;
		};
		924414FD1DC4DD16004CDD4F /* Release */ = {
			isa = XCBuildConfiguration;
			buildSettings = {
				ALWAYS_SEARCH_USER_PATHS = NO;
				CLANG_ANALYZER_NONNULL = YES;
				CLANG_CXX_LANGUAGE_STANDARD = "gnu++0x";
				CLANG_CXX_LIBRARY = "libc++";
				CLANG_ENABLE_MODULES = YES;
				CLANG_ENABLE_OBJC_ARC = YES;
				CLANG_WARN_BOOL_CONVERSION = YES;
				CLANG_WARN_CONSTANT_CONVERSION = YES;
				CLANG_WARN_DIRECT_OBJC_ISA_USAGE = YES_ERROR;
				CLANG_WARN_DOCUMENTATION_COMMENTS = YES;
				CLANG_WARN_EMPTY_BODY = YES;
				CLANG_WARN_ENUM_CONVERSION = YES;
				CLANG_WARN_INFINITE_RECURSION = YES;
				CLANG_WARN_INT_CONVERSION = YES;
				CLANG_WARN_OBJC_ROOT_CLASS = YES_ERROR;
				CLANG_WARN_SUSPICIOUS_MOVES = YES;
				CLANG_WARN_UNREACHABLE_CODE = YES;
				CLANG_WARN__DUPLICATE_METHOD_MATCH = YES;
				"CODE_SIGN_IDENTITY[sdk=iphoneos*]" = "iPhone Developer";
				COPY_PHASE_STRIP = NO;
				DEBUG_INFORMATION_FORMAT = "dwarf-with-dsym";
				ENABLE_NS_ASSERTIONS = NO;
				ENABLE_STRICT_OBJC_MSGSEND = YES;
				GCC_C_LANGUAGE_STANDARD = gnu99;
				GCC_NO_COMMON_BLOCKS = YES;
				GCC_WARN_64_TO_32_BIT_CONVERSION = YES;
				GCC_WARN_ABOUT_RETURN_TYPE = YES_ERROR;
				GCC_WARN_UNDECLARED_SELECTOR = YES;
				GCC_WARN_UNINITIALIZED_AUTOS = YES_AGGRESSIVE;
				GCC_WARN_UNUSED_FUNCTION = YES;
				GCC_WARN_UNUSED_VARIABLE = YES;
				IPHONEOS_DEPLOYMENT_TARGET = 10.0;
				MTL_ENABLE_DEBUG_INFO = NO;
				SDKROOT = iphoneos;
				VALIDATE_PRODUCT = YES;
			};
			name = Release;
		};
		924414FF1DC4DD16004CDD4F /* Debug */ = {
			isa = XCBuildConfiguration;
			baseConfigurationReference = B26A9A2A42F756C4E1D2915B /* Pods-Babel Fish.debug.xcconfig */;
			buildSettings = {
				ASSETCATALOG_COMPILER_APPICON_NAME = AppIcon;
				FRAMEWORK_SEARCH_PATHS = (
					"$(inherited)",
					"$(PROJECT_DIR)/mp3lame-for-iOS",
				);
				INFOPLIST_FILE = "Babel Fish/Info.plist";
				IPHONEOS_DEPLOYMENT_TARGET = 10.0;
				LD_RUNPATH_SEARCH_PATHS = "$(inherited) @executable_path/Frameworks";
				PRODUCT_BUNDLE_IDENTIFIER = "com.babel.fish.Babel-Fish";
				PRODUCT_NAME = "$(TARGET_NAME)";
			};
			name = Debug;
		};
		924415001DC4DD16004CDD4F /* Release */ = {
			isa = XCBuildConfiguration;
			baseConfigurationReference = BBFB39BD460EC1625EF05F5E /* Pods-Babel Fish.release.xcconfig */;
			buildSettings = {
				ASSETCATALOG_COMPILER_APPICON_NAME = AppIcon;
				FRAMEWORK_SEARCH_PATHS = (
					"$(inherited)",
					"$(PROJECT_DIR)/mp3lame-for-iOS",
				);
				INFOPLIST_FILE = "Babel Fish/Info.plist";
				IPHONEOS_DEPLOYMENT_TARGET = 10.0;
				LD_RUNPATH_SEARCH_PATHS = "$(inherited) @executable_path/Frameworks";
				PRODUCT_BUNDLE_IDENTIFIER = "com.babel.fish.Babel-Fish";
				PRODUCT_NAME = "$(TARGET_NAME)";
			};
			name = Release;
		};
		924415021DC4DD16004CDD4F /* Debug */ = {
			isa = XCBuildConfiguration;
			baseConfigurationReference = 09B99509F0BBCA65AED72099 /* Pods-Babel FishTests.debug.xcconfig */;
			buildSettings = {
				BUNDLE_LOADER = "$(TEST_HOST)";
				INFOPLIST_FILE = "Babel FishTests/Info.plist";
				IPHONEOS_DEPLOYMENT_TARGET = 10.0;
				LD_RUNPATH_SEARCH_PATHS = "$(inherited) @executable_path/Frameworks @loader_path/Frameworks";
				PRODUCT_BUNDLE_IDENTIFIER = "com.babel.fish.Babel-FishTests";
				PRODUCT_NAME = "$(TARGET_NAME)";
				TEST_HOST = "$(BUILT_PRODUCTS_DIR)/Babel Fish.app/Babel Fish";
			};
			name = Debug;
		};
		924415031DC4DD16004CDD4F /* Release */ = {
			isa = XCBuildConfiguration;
			baseConfigurationReference = 4F216E601482CB5032D79A0B /* Pods-Babel FishTests.release.xcconfig */;
			buildSettings = {
				BUNDLE_LOADER = "$(TEST_HOST)";
				INFOPLIST_FILE = "Babel FishTests/Info.plist";
				IPHONEOS_DEPLOYMENT_TARGET = 10.0;
				LD_RUNPATH_SEARCH_PATHS = "$(inherited) @executable_path/Frameworks @loader_path/Frameworks";
				PRODUCT_BUNDLE_IDENTIFIER = "com.babel.fish.Babel-FishTests";
				PRODUCT_NAME = "$(TARGET_NAME)";
				TEST_HOST = "$(BUILT_PRODUCTS_DIR)/Babel Fish.app/Babel Fish";
			};
			name = Release;
		};
		924415051DC4DD16004CDD4F /* Debug */ = {
			isa = XCBuildConfiguration;
			baseConfigurationReference = BEACC1F56E7C8B769B16316D /* Pods-Babel FishUITests.debug.xcconfig */;
			buildSettings = {
				INFOPLIST_FILE = "Babel FishUITests/Info.plist";
				LD_RUNPATH_SEARCH_PATHS = "$(inherited) @executable_path/Frameworks @loader_path/Frameworks";
				PRODUCT_BUNDLE_IDENTIFIER = "com.babel.fish.Babel-FishUITests";
				PRODUCT_NAME = "$(TARGET_NAME)";
				TEST_TARGET_NAME = "Babel Fish";
			};
			name = Debug;
		};
		924415061DC4DD16004CDD4F /* Release */ = {
			isa = XCBuildConfiguration;
			baseConfigurationReference = F21609E32B8B581CFF084D7B /* Pods-Babel FishUITests.release.xcconfig */;
			buildSettings = {
				INFOPLIST_FILE = "Babel FishUITests/Info.plist";
				LD_RUNPATH_SEARCH_PATHS = "$(inherited) @executable_path/Frameworks @loader_path/Frameworks";
				PRODUCT_BUNDLE_IDENTIFIER = "com.babel.fish.Babel-FishUITests";
				PRODUCT_NAME = "$(TARGET_NAME)";
				TEST_TARGET_NAME = "Babel Fish";
			};
			name = Release;
		};
/* End XCBuildConfiguration section */

/* Begin XCConfigurationList section */
		924414CC1DC4DD16004CDD4F /* Build configuration list for PBXProject "Babel Fish" */ = {
			isa = XCConfigurationList;
			buildConfigurations = (
				924414FC1DC4DD16004CDD4F /* Debug */,
				924414FD1DC4DD16004CDD4F /* Release */,
			);
			defaultConfigurationIsVisible = 0;
			defaultConfigurationName = Release;
		};
		924414FE1DC4DD16004CDD4F /* Build configuration list for PBXNativeTarget "Babel Fish" */ = {
			isa = XCConfigurationList;
			buildConfigurations = (
				924414FF1DC4DD16004CDD4F /* Debug */,
				924415001DC4DD16004CDD4F /* Release */,
			);
			defaultConfigurationIsVisible = 0;
			defaultConfigurationName = Release;
		};
		924415011DC4DD16004CDD4F /* Build configuration list for PBXNativeTarget "Babel FishTests" */ = {
			isa = XCConfigurationList;
			buildConfigurations = (
				924415021DC4DD16004CDD4F /* Debug */,
				924415031DC4DD16004CDD4F /* Release */,
			);
			defaultConfigurationIsVisible = 0;
			defaultConfigurationName = Release;
		};
		924415041DC4DD16004CDD4F /* Build configuration list for PBXNativeTarget "Babel FishUITests" */ = {
			isa = XCConfigurationList;
			buildConfigurations = (
				924415051DC4DD16004CDD4F /* Debug */,
				924415061DC4DD16004CDD4F /* Release */,
			);
			defaultConfigurationIsVisible = 0;
			defaultConfigurationName = Release;
		};
/* End XCConfigurationList section */
	};
	rootObject = 924414C91DC4DD16004CDD4F /* Project object */;
}
